
Microsoft Visual Studio Solution File, Format Version 12.00
# Visual Studio Version 17
VisualStudioVersion = 17.3.32825.248
MinimumVisualStudioVersion = 10.0.40219.1
Project("{FAE04EC0-301F-11D3-BF4B-00C04F79EFBC}") = "ExaminationTicket1", "ExaminationTicket1\ExaminationTicket1.csproj", "{BBA95FF9-DB55-413A-B259-08BBFAE35A06}"
EndProject
Global
	GlobalSection(SolutionConfigurationPlatforms) = preSolution
		Debug|Any CPU = Debug|Any CPU
		Release|Any CPU = Release|Any CPU
	EndGlobalSection
	GlobalSection(ProjectConfigurationPlatforms) = postSolution
		{BBA95FF9-DB55-413A-B259-08BBFAE35A06}.Debug|Any CPU.ActiveCfg = Debug|Any CPU
		{BBA95FF9-DB55-413A-B259-08BBFAE35A06}.Debug|Any CPU.Build.0 = Debug|Any CPU
		{BBA95FF9-DB55-413A-B259-08BBFAE35A06}.Release|Any CPU.ActiveCfg = Release|Any CPU
		{BBA95FF9-DB55-413A-B259-08BBFAE35A06}.Release|Any CPU.Build.0 = Release|Any CPU
	EndGlobalSection
	GlobalSection(SolutionProperties) = preSolution
		HideSolutionNode = FALSE
	EndGlobalSection
	GlobalSection(ExtensibilityGlobals) = postSolution
		SolutionGuid = {1DF80CFD-3C77-4699-85B1-629EAF3F2BC9}
	EndGlobalSection
EndGlobal
